
Microsoft Visual Studio Solution File, Format Version 12.00
# Visual Studio Version 17
VisualStudioVersion = 17.5.33627.172
MinimumVisualStudioVersion = 10.0.40219.1
Project("{9A19103F-16F7-4668-BE54-9A1E7A4F7556}") = "MakiStatBackend", "MakiStatBackend\MakiStatBackend.csproj", "{C4F5CC8D-AFCF-4CF2-BF1D-D4C9600391E0}"
EndProject
Project("{FAE04EC0-301F-11D3-BF4B-00C04F79EFBC}") = "MakiStat", "MakiStat\MakiStat.csproj", "{F3CC897F-2DBE-6D5A-725A-677F3E06C739}"
EndProject
Global
	GlobalSection(SolutionConfigurationPlatforms) = preSolution
		Debug|Any CPU = Debug|Any CPU
		Release|Any CPU = Release|Any CPU
	EndGlobalSection
	GlobalSection(ProjectConfigurationPlatforms) = postSolution
		{C4F5CC8D-AFCF-4CF2-BF1D-D4C9600391E0}.Debug|Any CPU.ActiveCfg = Debug|Any CPU
		{C4F5CC8D-AFCF-4CF2-BF1D-D4C9600391E0}.Debug|Any CPU.Build.0 = Debug|Any CPU
		{C4F5CC8D-AFCF-4CF2-BF1D-D4C9600391E0}.Release|Any CPU.ActiveCfg = Release|Any CPU
		{C4F5CC8D-AFCF-4CF2-BF1D-D4C9600391E0}.Release|Any CPU.Build.0 = Release|Any CPU
		{F3CC897F-2DBE-6D5A-725A-677F3E06C739}.Debug|Any CPU.ActiveCfg = Debug|Any CPU
		{F3CC897F-2DBE-6D5A-725A-677F3E06C739}.Debug|Any CPU.Build.0 = Debug|Any CPU
		{F3CC897F-2DBE-6D5A-725A-677F3E06C739}.Release|Any CPU.ActiveCfg = Release|Any CPU
		{F3CC897F-2DBE-6D5A-725A-677F3E06C739}.Release|Any CPU.Build.0 = Release|Any CPU
	EndGlobalSection
	GlobalSection(SolutionProperties) = preSolution
		HideSolutionNode = FALSE
	EndGlobalSection
	GlobalSection(ExtensibilityGlobals) = postSolution
		SolutionGuid = {AAB2E816-4D7F-4D94-A362-8A105D0D41BD}
	EndGlobalSection
EndGlobal
